
Microsoft Visual Studio Solution File, Format Version 12.00
# Visual Studio Version 16
VisualStudioVersion = 16.0.30128.74
MinimumVisualStudioVersion = 10.0.40219.1
Project("{FAE04EC0-301F-11D3-BF4B-00C04F79EFBC}") = "SignalR_API_Demo", "SignalR_API_Demo\SignalR_API_Demo.csproj", "{84DB2748-B3AE-47A6-8F79-BA9387E03363}"
EndProject
Global
	GlobalSection(SolutionConfigurationPlatforms) = preSolution
		Debug|Any CPU = Debug|Any CPU
		Release|Any CPU = Release|Any CPU
	EndGlobalSection
	GlobalSection(ProjectConfigurationPlatforms) = postSolution
		{84DB2748-B3AE-47A6-8F79-BA9387E03363}.Debug|Any CPU.ActiveCfg = Debug|Any CPU
		{84DB2748-B3AE-47A6-8F79-BA9387E03363}.Debug|Any CPU.Build.0 = Debug|Any CPU
		{84DB2748-B3AE-47A6-8F79-BA9387E03363}.Release|Any CPU.ActiveCfg = Release|Any CPU
		{84DB2748-B3AE-47A6-8F79-BA9387E03363}.Release|Any CPU.Build.0 = Release|Any CPU
	EndGlobalSection
	GlobalSection(SolutionProperties) = preSolution
		HideSolutionNode = FALSE
	EndGlobalSection
	GlobalSection(ExtensibilityGlobals) = postSolution
		SolutionGuid = {76125329-8F2A-4992-AD1B-DC246A07CECF}
	EndGlobalSection
EndGlobal
